// !$*UTF8*$!
{
	archiveVersion = 1;
	classes = {
	};
	objectVersion = 56;
	objects = {

/* Begin PBXBuildFile section */
		1CE7A9B02A9344250005DB2B /* AppDelegate.swift in Sources */ = {isa = PBXBuildFile; fileRef = 1CE7A9AF2A9344250005DB2B /* AppDelegate.swift */; };
		1CE7A9B22A9344250005DB2B /* SceneDelegate.swift in Sources */ = {isa = PBXBuildFile; fileRef = 1CE7A9B12A9344250005DB2B /* SceneDelegate.swift */; };
		1CE7A9B42A9344250005DB2B /* ViewController.swift in Sources */ = {isa = PBXBuildFile; fileRef = 1CE7A9B32A9344250005DB2B /* ViewController.swift */; };
		1CE7A9B72A9344250005DB2B /* Main.storyboard in Resources */ = {isa = PBXBuildFile; fileRef = 1CE7A9B52A9344250005DB2B /* Main.storyboard */; };
		1CE7A9B92A9344270005DB2B /* Assets.xcassets in Resources */ = {isa = PBXBuildFile; fileRef = 1CE7A9B82A9344270005DB2B /* Assets.xcassets */; };
		1CE7A9BC2A9344270005DB2B /* LaunchScreen.storyboard in Resources */ = {isa = PBXBuildFile; fileRef = 1CE7A9BA2A9344270005DB2B /* LaunchScreen.storyboard */; };
		1CE7A9C72A93443E0005DB2B /* kirin.jpg in Resources */ = {isa = PBXBuildFile; fileRef = 1CE7A9C42A93443E0005DB2B /* kirin.jpg */; };
		1CE7A9C82A93443E0005DB2B /* kangaroo.jpg in Resources */ = {isa = PBXBuildFile; fileRef = 1CE7A9C52A93443E0005DB2B /* kangaroo.jpg */; };
		1CE7A9C92A93443E0005DB2B /* penguin.jpg in Resources */ = {isa = PBXBuildFile; fileRef = 1CE7A9C62A93443E0005DB2B /* penguin.jpg */; };
		1CE7A9CB2A94D5600005DB2B /* Animal.swift in Sources */ = {isa = PBXBuildFile; fileRef = 1CE7A9CA2A94D5600005DB2B /* Animal.swift */; };
/* End PBXBuildFile section */

/* Begin PBXFileReference section */
		1CE7A9AC2A9344250005DB2B /* Zukan.app */ = {isa = PBXFileReference; explicitFileType = wrapper.application; includeInIndex = 0; path = Zukan.app; sourceTree = BUILT_PRODUCTS_DIR; };
		1CE7A9AF2A9344250005DB2B /* AppDelegate.swift */ = {isa = PBXFileReference; lastKnownFileType = sourcecode.swift; path = AppDelegate.swift; sourceTree = "<group>"; };
		1CE7A9B12A9344250005DB2B /* SceneDelegate.swift */ = {isa = PBXFileReference; lastKnownFileType = sourcecode.swift; path = SceneDelegate.swift; sourceTree = "<group>"; };
		1CE7A9B32A9344250005DB2B /* ViewController.swift */ = {isa = PBXFileReference; lastKnownFileType = sourcecode.swift; path = ViewController.swift; sourceTree = "<group>"; };
		1CE7A9B62A9344250005DB2B /* Base */ = {isa = PBXFileReference; lastKnownFileType = file.storyboard; name = Base; path = Base.lproj/Main.storyboard; sourceTree = "<group>"; };
		1CE7A9B82A9344270005DB2B /* Assets.xcassets */ = {isa = PBXFileReference; lastKnownFileType = folder.assetcatalog; path = Assets.xcassets; sourceTree = "<group>"; };
		1CE7A9BB2A9344270005DB2B /* Base */ = {isa = PBXFileReference; lastKnownFileType = file.storyboard; name = Base; path = Base.lproj/LaunchScreen.storyboard; sourceTree = "<group>"; };
		1CE7A9BD2A9344270005DB2B /* Info.plist */ = {isa = PBXFileReference; lastKnownFileType = text.plist.xml; path = Info.plist; sourceTree = "<group>"; };
		1CE7A9C42A93443E0005DB2B /* kirin.jpg */ = {isa = PBXFileReference; lastKnownFileType = image.jpeg; path = kirin.jpg; sourceTree = "<group>"; };
		1CE7A9C52A93443E0005DB2B /* kangaroo.jpg */ = {isa = PBXFileReference; lastKnownFileType = image.jpeg; path = kangaroo.jpg; sourceTree = "<group>"; };
		1CE7A9C62A93443E0005DB2B /* penguin.jpg */ = {isa = PBXFileReference; lastKnownFileType = image.jpeg; path = penguin.jpg; sourceTree = "<group>"; };
		1CE7A9CA2A94D5600005DB2B /* Animal.swift */ = {isa = PBXFileReference; lastKnownFileType = sourcecode.swift; path = Animal.swift; sourceTree = "<group>"; };
/* End PBXFileReference section */

/* Begin PBXFrameworksBuildPhase section */
		1CE7A9A92A9344250005DB2B /* Frameworks */ = {
			isa = PBXFrameworksBuildPhase;
			buildActionMask = 2147483647;
			files = (
			);
			runOnlyForDeploymentPostprocessing = 0;
		};
/* End PBXFrameworksBuildPhase section */

/* Begin PBXGroup section */
		1CE7A9A32A9344250005DB2B = {
			isa = PBXGroup;
			children = (
				1CE7A9AE2A9344250005DB2B /* Zukan */,
				1CE7A9AD2A9344250005DB2B /* Products */,
			);
			sourceTree = "<group>";
		};
		1CE7A9AD2A9344250005DB2B /* Products */ = {
			isa = PBXGroup;
			children = (
				1CE7A9AC2A9344250005DB2B /* Zukan.app */,
			);
			name = Products;
			sourceTree = "<group>";
		};
		1CE7A9AE2A9344250005DB2B /* Zukan */ = {
			isa = PBXGroup;
			children = (
				1CE7A9AF2A9344250005DB2B /* AppDelegate.swift */,
				1CE7A9B12A9344250005DB2B /* SceneDelegate.swift */,
				1CE7A9B32A9344250005DB2B /* ViewController.swift */,
				1CE7A9B52A9344250005DB2B /* Main.storyboard */,
				1CE7A9B82A9344270005DB2B /* Assets.xcassets */,
				1CE7A9BA2A9344270005DB2B /* LaunchScreen.storyboard */,
				1CE7A9BD2A9344270005DB2B /* Info.plist */,
				1CE7A9C32A93443E0005DB2B /* images */,
				1CE7A9CA2A94D5600005DB2B /* Animal.swift */,
			);
			path = Zukan;
			sourceTree = "<group>";
		};
		1CE7A9C32A93443E0005DB2B /* images */ = {
			isa = PBXGroup;
			children = (
				1CE7A9C42A93443E0005DB2B /* kirin.jpg */,
				1CE7A9C52A93443E0005DB2B /* kangaroo.jpg */,
				1CE7A9C62A93443E0005DB2B /* penguin.jpg */,
			);
			path = images;
			sourceTree = "<group>";
		};
/* End PBXGroup section */

/* Begin PBXNativeTarget section */
		1CE7A9AB2A9344250005DB2B /* Zukan */ = {
			isa = PBXNativeTarget;
			buildConfigurationList = 1CE7A9C02A9344270005DB2B /* Build configuration list for PBXNativeTarget "Zukan" */;
			buildPhases = (
				1CE7A9A82A9344250005DB2B /* Sources */,
				1CE7A9A92A9344250005DB2B /* Frameworks */,
				1CE7A9AA2A9344250005DB2B /* Resources */,
			);
			buildRules = (
			);
			dependencies = (
			);
			name = Zukan;
			productName = Zukan;
			productReference = 1CE7A9AC2A9344250005DB2B /* Zukan.app */;
			productType = "com.apple.product-type.application";
		};
/* End PBXNativeTarget section */

/* Begin PBXProject section */
		1CE7A9A42A9344250005DB2B /* Project object */ = {
			isa = PBXProject;
			attributes = {
				BuildIndependentTargetsInParallel = 1;
				LastSwiftUpdateCheck = 1430;
				LastUpgradeCheck = 1430;
				TargetAttributes = {
					1CE7A9AB2A9344250005DB2B = {
						CreatedOnToolsVersion = 14.3.1;
					};
				};
			};
			buildConfigurationList = 1CE7A9A72A9344250005DB2B /* Build configuration list for PBXProject "Zukan" */;
			compatibilityVersion = "Xcode 14.0";
			developmentRegion = en;
			hasScannedForEncodings = 0;
			knownRegions = (
				en,
				Base,
			);
			mainGroup = 1CE7A9A32A9344250005DB2B;
			productRefGroup = 1CE7A9AD2A9344250005DB2B /* Products */;
			projectDirPath = "";
			projectRoot = "";
			targets = (
				1CE7A9AB2A9344250005DB2B /* Zukan */,
			);
		};
/* End PBXProject section */

/* Begin PBXResourcesBuildPhase section */
		1CE7A9AA2A9344250005DB2B /* Resources */ = {
			isa = PBXResourcesBuildPhase;
			buildActionMask = 2147483647;
			files = (
				1CE7A9C92A93443E0005DB2B /* penguin.jpg in Resources */,
				1CE7A9BC2A9344270005DB2B /* LaunchScreen.storyboard in Resources */,
				1CE7A9C72A93443E0005DB2B /* kirin.jpg in Resources */,
				1CE7A9C82A93443E0005DB2B /* kangaroo.jpg in Resources */,
				1CE7A9B92A9344270005DB2B /* Assets.xcassets in Resources */,
				1CE7A9B72A9344250005DB2B /* Main.storyboard in Resources */,
			);
			runOnlyForDeploymentPostprocessing = 0;
		};
/* End PBXResourcesBuildPhase section */

/* Begin PBXSourcesBuildPhase section */
		1CE7A9A82A9344250005DB2B /* Sources */ = {
			isa = PBXSourcesBuildPhase;
			buildActionMask = 2147483647;
			files = (
				1CE7A9B42A9344250005DB2B /* ViewController.swift in Sources */,
				1CE7A9CB2A94D5600005DB2B /* Animal.swift in Sources */,
				1CE7A9B02A9344250005DB2B /* AppDelegate.swift in Sources */,
				1CE7A9B22A9344250005DB2B /* SceneDelegate.swift in Sources */,
			);
			runOnlyForDeploymentPostprocessing = 0;
		};
/* End PBXSourcesBuildPhase section */

/* Begin PBXVariantGroup section */
		1CE7A9B52A9344250005DB2B /* Main.storyboard */ = {
			isa = PBXVariantGroup;
			children = (
				1CE7A9B62A9344250005DB2B /* Base */,
			);
			name = Main.storyboard;
			sourceTree = "<group>";
		};
		1CE7A9BA2A9344270005DB2B /* LaunchScreen.storyboard */ = {
			isa = PBXVariantGroup;
			children = (
				1CE7A9BB2A9344270005DB2B /* Base */,
			);
			name = LaunchScreen.storyboard;
			sourceTree = "<group>";
		};
/* End PBXVariantGroup section */

/* Begin XCBuildConfiguration section */
		1CE7A9BE2A9344270005DB2B /* Debug */ = {
			isa = XCBuildConfiguration;
			buildSettings = {
				ALWAYS_SEARCH_USER_PATHS = NO;
				CLANG_ANALYZER_NONNULL = YES;
				CLANG_ANALYZER_NUMBER_OBJECT_CONVERSION = YES_AGGRESSIVE;
				CLANG_CXX_LANGUAGE_STANDARD = "gnu++20";
				CLANG_ENABLE_MODULES = YES;
				CLANG_ENABLE_OBJC_ARC = YES;
				CLANG_ENABLE_OBJC_WEAK = YES;
				CLANG_WARN_BLOCK_CAPTURE_AUTORELEASING = YES;
				CLANG_WARN_BOOL_CONVERSION = YES;
				CLANG_WARN_COMMA = YES;
				CLANG_WARN_CONSTANT_CONVERSION = YES;
				CLANG_WARN_DEPRECATED_OBJC_IMPLEMENTATIONS = YES;
				CLANG_WARN_DIRECT_OBJC_ISA_USAGE = YES_ERROR;
				CLANG_WARN_DOCUMENTATION_COMMENTS = YES;
				CLANG_WARN_EMPTY_BODY = YES;
				CLANG_WARN_ENUM_CONVERSION = YES;
				CLANG_WARN_INFINITE_RECURSION = YES;
				CLANG_WARN_INT_CONVERSION = YES;
				CLANG_WARN_NON_LITERAL_NULL_CONVERSION = YES;
				CLANG_WARN_OBJC_IMPLICIT_RETAIN_SELF = YES;
				CLANG_WARN_OBJC_LITERAL_CONVERSION = YES;
				CLANG_WARN_OBJC_ROOT_CLASS = YES_ERROR;
				CLANG_WARN_QUOTED_INCLUDE_IN_FRAMEWORK_HEADER = YES;
				CLANG_WARN_RANGE_LOOP_ANALYSIS = YES;
				CLANG_WARN_STRICT_PROTOTYPES = YES;
				CLANG_WARN_SUSPICIOUS_MOVE = YES;
				CLANG_WARN_UNGUARDED_AVAILABILITY = YES_AGGRESSIVE;
				CLANG_WARN_UNREACHABLE_CODE = YES;
				CLANG_WARN__DUPLICATE_METHOD_MATCH = YES;
				COPY_PHASE_STRIP = NO;
				DEBUG_INFORMATION_FORMAT = dwarf;
				ENABLE_STRICT_OBJC_MSGSEND = YES;
				ENABLE_TESTABILITY = YES;
				GCC_C_LANGUAGE_STANDARD = gnu11;
				GCC_DYNAMIC_NO_PIC = NO;
				GCC_NO_COMMON_BLOCKS = YES;
				GCC_OPTIMIZATION_LEVEL = 0;
				GCC_PREPROCESSOR_DEFINITIONS = (
					"DEBUG=1",
					"$(inherited)",
				);
				GCC_WARN_64_TO_32_BIT_CONVERSION = YES;
				GCC_WARN_ABOUT_RETURN_TYPE = YES_ERROR;
				GCC_WARN_UNDECLARED_SELECTOR = YES;
				GCC_WARN_UNINITIALIZED_AUTOS = YES_AGGRESSIVE;
				GCC_WARN_UNUSED_FUNCTION = YES;
				GCC_WARN_UNUSED_VARIABLE = YES;
				IPHONEOS_DEPLOYMENT_TARGET = 16.4;
				MTL_ENABLE_DEBUG_INFO = INCLUDE_SOURCE;
				MTL_FAST_MATH = YES;
				ONLY_ACTIVE_ARCH = YES;
				SDKROOT = iphoneos;
				SWIFT_ACTIVE_COMPILATION_CONDITIONS = DEBUG;
				SWIFT_OPTIMIZATION_LEVEL = "-Onone";
			};
			name = Debug;
		};
		1CE7A9BF2A9344270005DB2B /* Release */ = {
			isa = XCBuildConfiguration;
			buildSettings = {
				ALWAYS_SEARCH_USER_PATHS = NO;
				CLANG_ANALYZER_NONNULL = YES;
				CLANG_ANALYZER_NUMBER_OBJECT_CONVERSION = YES_AGGRESSIVE;
				CLANG_CXX_LANGUAGE_STANDARD = "gnu++20";
				CLANG_ENABLE_MODULES = YES;
				CLANG_ENABLE_OBJC_ARC = YES;
				CLANG_ENABLE_OBJC_WEAK = YES;
				CLANG_WARN_BLOCK_CAPTURE_AUTORELEASING = YES;
				CLANG_WARN_BOOL_CONVERSION = YES;
				CLANG_WARN_COMMA = YES;
				CLANG_WARN_CONSTANT_CONVERSION = YES;
				CLANG_WARN_DEPRECATED_OBJC_IMPLEMENTATIONS = YES;
				CLANG_WARN_DIRECT_OBJC_ISA_USAGE = YES_ERROR;
				CLANG_WARN_DOCUMENTATION_COMMENTS = YES;
				CLANG_WARN_EMPTY_BODY = YES;
				CLANG_WARN_ENUM_CONVERSION = YES;
				CLANG_WARN_INFINITE_RECURSION = YES;
				CLANG_WARN_INT_CONVERSION = YES;
				CLANG_WARN_NON_LITERAL_NULL_CONVERSION = YES;
				CLANG_WARN_OBJC_IMPLICIT_RETAIN_SELF = YES;
				CLANG_WARN_OBJC_LITERAL_CONVERSION = YES;
				CLANG_WARN_OBJC_ROOT_CLASS = YES_ERROR;
				CLANG_WARN_QUOTED_INCLUDE_IN_FRAMEWORK_HEADER = YES;
				CLANG_WARN_RANGE_LOOP_ANALYSIS = YES;
				CLANG_WARN_STRICT_PROTOTYPES = YES;
				CLANG_WARN_SUSPICIOUS_MOVE = YES;
				CLANG_WARN_UNGUARDED_AVAILABILITY = YES_AGGRESSIVE;
				CLANG_WARN_UNREACHABLE_CODE = YES;
				CLANG_WARN__DUPLICATE_METHOD_MATCH = YES;
				COPY_PHASE_STRIP = NO;
				DEBUG_INFORMATION_FORMAT = "dwarf-with-dsym";
				ENABLE_NS_ASSERTIONS = NO;
				ENABLE_STRICT_OBJC_MSGSEND = YES;
				GCC_C_LANGUAGE_STANDARD = gnu11;
				GCC_NO_COMMON_BLOCKS = YES;
				GCC_WARN_64_TO_32_BIT_CONVERSION = YES;
				GCC_WARN_ABOUT_RETURN_TYPE = YES_ERROR;
				GCC_WARN_UNDECLARED_SELECTOR = YES;
				GCC_WARN_UNINITIALIZED_AUTOS = YES_AGGRESSIVE;
				GCC_WARN_UNUSED_FUNCTION = YES;
				GCC_WARN_UNUSED_VARIABLE = YES;
				IPHONEOS_DEPLOYMENT_TARGET = 16.4;
				MTL_ENABLE_DEBUG_INFO = NO;
				MTL_FAST_MATH = YES;
				SDKROOT = iphoneos;
				SWIFT_COMPILATION_MODE = wholemodule;
				SWIFT_OPTIMIZATION_LEVEL = "-O";
				VALIDATE_PRODUCT = YES;
			};
			name = Release;
		};
		1CE7A9C12A9344270005DB2B /* Debug */ = {
			isa = XCBuildConfiguration;
			buildSettings = {
				ASSETCATALOG_COMPILER_APPICON_NAME = AppIcon;
				ASSETCATALOG_COMPILER_GLOBAL_ACCENT_COLOR_NAME = AccentColor;
				CODE_SIGN_STYLE = Automatic;
				CURRENT_PROJECT_VERSION = 1;
				GENERATE_INFOPLIST_FILE = YES;
				INFOPLIST_FILE = Zukan/Info.plist;
				INFOPLIST_KEY_UIApplicationSupportsIndirectInputEvents = YES;
				INFOPLIST_KEY_UILaunchStoryboardName = LaunchScreen;
				INFOPLIST_KEY_UIMainStoryboardFile = Main;
				INFOPLIST_KEY_UISupportedInterfaceOrientations_iPad = "UIInterfaceOrientationPortrait UIInterfaceOrientationPortraitUpsideDown UIInterfaceOrientationLandscapeLeft UIInterfaceOrientationLandscapeRight";
				INFOPLIST_KEY_UISupportedInterfaceOrientations_iPhone = "UIInterfaceOrientationPortrait UIInterfaceOrientationLandscapeLeft UIInterfaceOrientationLandscapeRight";
				LD_RUNPATH_SEARCH_PATHS = (
					"$(inherited)",
					"@executable_path/Frameworks",
				);
				MARKETING_VERSION = 1.0;
				PRODUCT_BUNDLE_IDENTIFIER = app.Nagashima.keitan.Zukan;
				PRODUCT_NAME = "$(TARGET_NAME)";
				SWIFT_EMIT_LOC_STRINGS = YES;
				SWIFT_VERSION = 5.0;
				TARGETED_DEVICE_FAMILY = "1,2";
			};
			name = Debug;
		};
		1CE7A9C22A9344270005DB2B /* Release */ = {
			isa = XCBuildConfiguration;
			buildSettings = {
				ASSETCATALOG_COMPILER_APPICON_NAME = AppIcon;
				ASSETCATALOG_COMPILER_GLOBAL_ACCENT_COLOR_NAME = AccentColor;
				CODE_SIGN_STYLE = Automatic;
				CURRENT_PROJECT_VERSION = 1;
				GENERATE_INFOPLIST_FILE = YES;
				INFOPLIST_FILE = Zukan/Info.plist;
				INFOPLIST_KEY_UIApplicationSupportsIndirectInputEvents = YES;
				INFOPLIST_KEY_UILaunchStoryboardName = LaunchScreen;
				INFOPLIST_KEY_UIMainStoryboardFile = Main;
				INFOPLIST_KEY_UISupportedInterfaceOrientations_iPad = "UIInterfaceOrientationPortrait UIInterfaceOrientationPortraitUpsideDown UIInterfaceOrientationLandscapeLeft UIInterfaceOrientationLandscapeRight";
				INFOPLIST_KEY_UISupportedInterfaceOrientations_iPhone = "UIInterfaceOrientationPortrait UIInterfaceOrientationLandscapeLeft UIInterfaceOrientationLandscapeRight";
				LD_RUNPATH_SEARCH_PATHS = (
					"$(inherited)",
					"@executable_path/Frameworks",
				);
				MARKETING_VERSION = 1.0;
				PRODUCT_BUNDLE_IDENTIFIER = app.Nagashima.keitan.Zukan;
				PRODUCT_NAME = "$(TARGET_NAME)";
				SWIFT_EMIT_LOC_STRINGS = YES;
				SWIFT_VERSION = 5.0;
				TARGETED_DEVICE_FAMILY = "1,2";
			};
			name = Release;
		};
/* End XCBuildConfiguration section */

/* Begin XCConfigurationList section */
		1CE7A9A72A9344250005DB2B /* Build configuration list for PBXProject "Zukan" */ = {
			isa = XCConfigurationList;
			buildConfigurations = (
				1CE7A9BE2A9344270005DB2B /* Debug */,
				1CE7A9BF2A9344270005DB2B /* Release */,
			);
			defaultConfigurationIsVisible = 0;
			defaultConfigurationName = Release;
		};
		1CE7A9C02A9344270005DB2B /* Build configuration list for PBXNativeTarget "Zukan" */ = {
			isa = XCConfigurationList;
			buildConfigurations = (
				1CE7A9C12A9344270005DB2B /* Debug */,
				1CE7A9C22A9344270005DB2B /* Release */,
			);
			defaultConfigurationIsVisible = 0;
			defaultConfigurationName = Release;
		};
/* End XCConfigurationList section */
	};
	rootObject = 1CE7A9A42A9344250005DB2B /* Project object */;
}
